
Microsoft Visual Studio Solution File, Format Version 12.00
# Visual Studio Version 17
VisualStudioVersion = 17.0.31903.59
MinimumVisualStudioVersion = 10.0.40219.1
Project("{FAE04EC0-301F-11D3-BF4B-00C04F79EFBC}") = "ForumApp", "ForumApp\ForumApp.csproj", "{F71D4BB5-A938-4311-87E6-01C966CB8C2A}"
EndProject
Project("{2150E333-8FDC-42A3-9474-1A3956D46DE8}") = "Server", "Server", "{DAD03CFC-D5FA-AC94-41C7-9ABAB326F09E}"
EndProject
Project("{FAE04EC0-301F-11D3-BF4B-00C04F79EFBC}") = "Entities", "Server\Entities\Entities.csproj", "{DC4E18B8-5A57-45F2-994D-2333ACC6239F}"
EndProject
Project("{FAE04EC0-301F-11D3-BF4B-00C04F79EFBC}") = "RepositoryContracts", "Server\RepositoryContracts\RepositoryContracts.csproj", "{C2F9BD5B-9AF5-49E2-8054-167FCACC322F}"
EndProject
Project("{FAE04EC0-301F-11D3-BF4B-00C04F79EFBC}") = "InMemoryRepositories", "Server\InMemoryRepositories\InMemoryRepositories.csproj", "{B19D8BBB-2A1C-44C3-8025-5A697F8F4585}"
EndProject
Project("{FAE04EC0-301F-11D3-BF4B-00C04F79EFBC}") = "CliApp", "Server\CliApp\CliApp.csproj", "{736AC4B6-EC2F-4518-BBDE-0BC786575C8F}"
EndProject
Project("{FAE04EC0-301F-11D3-BF4B-00C04F79EFBC}") = "FileRepositories", "Server\FileRepositories\FileRepositories.csproj", "{A74ED4C1-20B4-4456-97E1-1EE5B1CD3F61}"
EndProject
Project("{2150E333-8FDC-42A3-9474-1A3956D46DE8}") = "Shared", "Shared", "{70A867DE-9B55-4246-A330-C3A247C1E221}"
EndProject
Project("{FAE04EC0-301F-11D3-BF4B-00C04F79EFBC}") = "ApiContracts", "Shared\ApiContracts\ApiContracts.csproj", "{E35429A2-7F0E-487A-AB4C-1B0A2EBB3EC7}"
EndProject
Project("{FAE04EC0-301F-11D3-BF4B-00C04F79EFBC}") = "WebAPI", "Server\WebAPI\WebAPI.csproj", "{B6CCB6A2-93C0-4E4A-AF66-7F3ACC0AF6CD}"
EndProject
Project("{2150E333-8FDC-42A3-9474-1A3956D46DE8}") = "Client", "Client", "{C8B10FB5-15CE-48B4-95D9-237F11586460}"
EndProject
Project("{FAE04EC0-301F-11D3-BF4B-00C04F79EFBC}") = "BlazorApp", "BlazorApp\BlazorApp.csproj", "{E3D9B408-7241-4A21-ABAA-633AC474F855}"
EndProject
Project("{FAE04EC0-301F-11D3-BF4B-00C04F79EFBC}") = "EfcRepositories", "Server\EfcRepositories\EfcRepositories.csproj", "{FD3E91BC-E5A1-4E3D-8B2E-273A4E1AA59F}"
EndProject
Global
	GlobalSection(SolutionConfigurationPlatforms) = preSolution
		Debug|Any CPU = Debug|Any CPU
		Debug|x64 = Debug|x64
		Debug|x86 = Debug|x86
		Release|Any CPU = Release|Any CPU
		Release|x64 = Release|x64
		Release|x86 = Release|x86
	EndGlobalSection
	GlobalSection(ProjectConfigurationPlatforms) = postSolution
		{F71D4BB5-A938-4311-87E6-01C966CB8C2A}.Debug|Any CPU.ActiveCfg = Debug|Any CPU
		{F71D4BB5-A938-4311-87E6-01C966CB8C2A}.Debug|Any CPU.Build.0 = Debug|Any CPU
		{F71D4BB5-A938-4311-87E6-01C966CB8C2A}.Debug|x64.ActiveCfg = Debug|Any CPU
		{F71D4BB5-A938-4311-87E6-01C966CB8C2A}.Debug|x64.Build.0 = Debug|Any CPU
		{F71D4BB5-A938-4311-87E6-01C966CB8C2A}.Debug|x86.ActiveCfg = Debug|Any CPU
		{F71D4BB5-A938-4311-87E6-01C966CB8C2A}.Debug|x86.Build.0 = Debug|Any CPU
		{F71D4BB5-A938-4311-87E6-01C966CB8C2A}.Release|Any CPU.ActiveCfg = Release|Any CPU
		{F71D4BB5-A938-4311-87E6-01C966CB8C2A}.Release|Any CPU.Build.0 = Release|Any CPU
		{F71D4BB5-A938-4311-87E6-01C966CB8C2A}.Release|x64.ActiveCfg = Release|Any CPU
		{F71D4BB5-A938-4311-87E6-01C966CB8C2A}.Release|x64.Build.0 = Release|Any CPU
		{F71D4BB5-A938-4311-87E6-01C966CB8C2A}.Release|x86.ActiveCfg = Release|Any CPU
		{F71D4BB5-A938-4311-87E6-01C966CB8C2A}.Release|x86.Build.0 = Release|Any CPU
		{DC4E18B8-5A57-45F2-994D-2333ACC6239F}.Debug|Any CPU.ActiveCfg = Debug|Any CPU
		{DC4E18B8-5A57-45F2-994D-2333ACC6239F}.Debug|Any CPU.Build.0 = Debug|Any CPU
		{DC4E18B8-5A57-45F2-994D-2333ACC6239F}.Debug|x64.ActiveCfg = Debug|Any CPU
		{DC4E18B8-5A57-45F2-994D-2333ACC6239F}.Debug|x64.Build.0 = Debug|Any CPU
		{DC4E18B8-5A57-45F2-994D-2333ACC6239F}.Debug|x86.ActiveCfg = Debug|Any CPU
		{DC4E18B8-5A57-45F2-994D-2333ACC6239F}.Debug|x86.Build.0 = Debug|Any CPU
		{DC4E18B8-5A57-45F2-994D-2333ACC6239F}.Release|Any CPU.ActiveCfg = Release|Any CPU
		{DC4E18B8-5A57-45F2-994D-2333ACC6239F}.Release|Any CPU.Build.0 = Release|Any CPU
		{DC4E18B8-5A57-45F2-994D-2333ACC6239F}.Release|x64.ActiveCfg = Release|Any CPU
		{DC4E18B8-5A57-45F2-994D-2333ACC6239F}.Release|x64.Build.0 = Release|Any CPU
		{DC4E18B8-5A57-45F2-994D-2333ACC6239F}.Release|x86.ActiveCfg = Release|Any CPU
		{DC4E18B8-5A57-45F2-994D-2333ACC6239F}.Release|x86.Build.0 = Release|Any CPU
		{C2F9BD5B-9AF5-49E2-8054-167FCACC322F}.Debug|Any CPU.ActiveCfg = Debug|Any CPU
		{C2F9BD5B-9AF5-49E2-8054-167FCACC322F}.Debug|Any CPU.Build.0 = Debug|Any CPU
		{C2F9BD5B-9AF5-49E2-8054-167FCACC322F}.Debug|x64.ActiveCfg = Debug|Any CPU
		{C2F9BD5B-9AF5-49E2-8054-167FCACC322F}.Debug|x64.Build.0 = Debug|Any CPU
		{C2F9BD5B-9AF5-49E2-8054-167FCACC322F}.Debug|x86.ActiveCfg = Debug|Any CPU
		{C2F9BD5B-9AF5-49E2-8054-167FCACC322F}.Debug|x86.Build.0 = Debug|Any CPU
		{C2F9BD5B-9AF5-49E2-8054-167FCACC322F}.Release|Any CPU.ActiveCfg = Release|Any CPU
		{C2F9BD5B-9AF5-49E2-8054-167FCACC322F}.Release|Any CPU.Build.0 = Release|Any CPU
		{C2F9BD5B-9AF5-49E2-8054-167FCACC322F}.Release|x64.ActiveCfg = Release|Any CPU
		{C2F9BD5B-9AF5-49E2-8054-167FCACC322F}.Release|x64.Build.0 = Release|Any CPU
		{C2F9BD5B-9AF5-49E2-8054-167FCACC322F}.Release|x86.ActiveCfg = Release|Any CPU
		{C2F9BD5B-9AF5-49E2-8054-167FCACC322F}.Release|x86.Build.0 = Release|Any CPU
		{B19D8BBB-2A1C-44C3-8025-5A697F8F4585}.Debug|Any CPU.ActiveCfg = Debug|Any CPU
		{B19D8BBB-2A1C-44C3-8025-5A697F8F4585}.Debug|Any CPU.Build.0 = Debug|Any CPU
		{B19D8BBB-2A1C-44C3-8025-5A697F8F4585}.Debug|x64.ActiveCfg = Debug|Any CPU
		{B19D8BBB-2A1C-44C3-8025-5A697F8F4585}.Debug|x64.Build.0 = Debug|Any CPU
		{B19D8BBB-2A1C-44C3-8025-5A697F8F4585}.Debug|x86.ActiveCfg = Debug|Any CPU
		{B19D8BBB-2A1C-44C3-8025-5A697F8F4585}.Debug|x86.Build.0 = Debug|Any CPU
		{B19D8BBB-2A1C-44C3-8025-5A697F8F4585}.Release|Any CPU.ActiveCfg = Release|Any CPU
		{B19D8BBB-2A1C-44C3-8025-5A697F8F4585}.Release|Any CPU.Build.0 = Release|Any CPU
		{B19D8BBB-2A1C-44C3-8025-5A697F8F4585}.Release|x64.ActiveCfg = Release|Any CPU
		{B19D8BBB-2A1C-44C3-8025-5A697F8F4585}.Release|x64.Build.0 = Release|Any CPU
		{B19D8BBB-2A1C-44C3-8025-5A697F8F4585}.Release|x86.ActiveCfg = Release|Any CPU
		{B19D8BBB-2A1C-44C3-8025-5A697F8F4585}.Release|x86.Build.0 = Release|Any CPU
		{736AC4B6-EC2F-4518-BBDE-0BC786575C8F}.Debug|Any CPU.ActiveCfg = Debug|Any CPU
		{736AC4B6-EC2F-4518-BBDE-0BC786575C8F}.Debug|Any CPU.Build.0 = Debug|Any CPU
		{736AC4B6-EC2F-4518-BBDE-0BC786575C8F}.Debug|x64.ActiveCfg = Debug|Any CPU
		{736AC4B6-EC2F-4518-BBDE-0BC786575C8F}.Debug|x64.Build.0 = Debug|Any CPU
		{736AC4B6-EC2F-4518-BBDE-0BC786575C8F}.Debug|x86.ActiveCfg = Debug|Any CPU
		{736AC4B6-EC2F-4518-BBDE-0BC786575C8F}.Debug|x86.Build.0 = Debug|Any CPU
		{736AC4B6-EC2F-4518-BBDE-0BC786575C8F}.Release|Any CPU.ActiveCfg = Release|Any CPU
		{736AC4B6-EC2F-4518-BBDE-0BC786575C8F}.Release|Any CPU.Build.0 = Release|Any CPU
		{736AC4B6-EC2F-4518-BBDE-0BC786575C8F}.Release|x64.ActiveCfg = Release|Any CPU
		{736AC4B6-EC2F-4518-BBDE-0BC786575C8F}.Release|x64.Build.0 = Release|Any CPU
		{736AC4B6-EC2F-4518-BBDE-0BC786575C8F}.Release|x86.ActiveCfg = Release|Any CPU
		{736AC4B6-EC2F-4518-BBDE-0BC786575C8F}.Release|x86.Build.0 = Release|Any CPU
		{A74ED4C1-20B4-4456-97E1-1EE5B1CD3F61}.Debug|Any CPU.ActiveCfg = Debug|Any CPU
		{A74ED4C1-20B4-4456-97E1-1EE5B1CD3F61}.Debug|Any CPU.Build.0 = Debug|Any CPU
		{A74ED4C1-20B4-4456-97E1-1EE5B1CD3F61}.Debug|x64.ActiveCfg = Debug|Any CPU
		{A74ED4C1-20B4-4456-97E1-1EE5B1CD3F61}.Debug|x64.Build.0 = Debug|Any CPU
		{A74ED4C1-20B4-4456-97E1-1EE5B1CD3F61}.Debug|x86.ActiveCfg = Debug|Any CPU
		{A74ED4C1-20B4-4456-97E1-1EE5B1CD3F61}.Debug|x86.Build.0 = Debug|Any CPU
		{A74ED4C1-20B4-4456-97E1-1EE5B1CD3F61}.Release|Any CPU.ActiveCfg = Release|Any CPU
		{A74ED4C1-20B4-4456-97E1-1EE5B1CD3F61}.Release|Any CPU.Build.0 = Release|Any CPU
		{A74ED4C1-20B4-4456-97E1-1EE5B1CD3F61}.Release|x64.ActiveCfg = Release|Any CPU
		{A74ED4C1-20B4-4456-97E1-1EE5B1CD3F61}.Release|x64.Build.0 = Release|Any CPU
		{A74ED4C1-20B4-4456-97E1-1EE5B1CD3F61}.Release|x86.ActiveCfg = Release|Any CPU
		{A74ED4C1-20B4-4456-97E1-1EE5B1CD3F61}.Release|x86.Build.0 = Release|Any CPU
		{E35429A2-7F0E-487A-AB4C-1B0A2EBB3EC7}.Debug|Any CPU.ActiveCfg = Debug|Any CPU
		{E35429A2-7F0E-487A-AB4C-1B0A2EBB3EC7}.Debug|Any CPU.Build.0 = Debug|Any CPU
		{E35429A2-7F0E-487A-AB4C-1B0A2EBB3EC7}.Debug|x64.ActiveCfg = Debug|Any CPU
		{E35429A2-7F0E-487A-AB4C-1B0A2EBB3EC7}.Debug|x64.Build.0 = Debug|Any CPU
		{E35429A2-7F0E-487A-AB4C-1B0A2EBB3EC7}.Debug|x86.ActiveCfg = Debug|Any CPU
		{E35429A2-7F0E-487A-AB4C-1B0A2EBB3EC7}.Debug|x86.Build.0 = Debug|Any CPU
		{E35429A2-7F0E-487A-AB4C-1B0A2EBB3EC7}.Release|Any CPU.ActiveCfg = Release|Any CPU
		{E35429A2-7F0E-487A-AB4C-1B0A2EBB3EC7}.Release|Any CPU.Build.0 = Release|Any CPU
		{E35429A2-7F0E-487A-AB4C-1B0A2EBB3EC7}.Release|x64.ActiveCfg = Release|Any CPU
		{E35429A2-7F0E-487A-AB4C-1B0A2EBB3EC7}.Release|x64.Build.0 = Release|Any CPU
		{E35429A2-7F0E-487A-AB4C-1B0A2EBB3EC7}.Release|x86.ActiveCfg = Release|Any CPU
		{E35429A2-7F0E-487A-AB4C-1B0A2EBB3EC7}.Release|x86.Build.0 = Release|Any CPU
		{B6CCB6A2-93C0-4E4A-AF66-7F3ACC0AF6CD}.Debug|Any CPU.ActiveCfg = Debug|Any CPU
		{B6CCB6A2-93C0-4E4A-AF66-7F3ACC0AF6CD}.Debug|Any CPU.Build.0 = Debug|Any CPU
		{B6CCB6A2-93C0-4E4A-AF66-7F3ACC0AF6CD}.Debug|x64.ActiveCfg = Debug|Any CPU
		{B6CCB6A2-93C0-4E4A-AF66-7F3ACC0AF6CD}.Debug|x64.Build.0 = Debug|Any CPU
		{B6CCB6A2-93C0-4E4A-AF66-7F3ACC0AF6CD}.Debug|x86.ActiveCfg = Debug|Any CPU
		{B6CCB6A2-93C0-4E4A-AF66-7F3ACC0AF6CD}.Debug|x86.Build.0 = Debug|Any CPU
		{B6CCB6A2-93C0-4E4A-AF66-7F3ACC0AF6CD}.Release|Any CPU.ActiveCfg = Release|Any CPU
		{B6CCB6A2-93C0-4E4A-AF66-7F3ACC0AF6CD}.Release|Any CPU.Build.0 = Release|Any CPU
		{B6CCB6A2-93C0-4E4A-AF66-7F3ACC0AF6CD}.Release|x64.ActiveCfg = Release|Any CPU
		{B6CCB6A2-93C0-4E4A-AF66-7F3ACC0AF6CD}.Release|x64.Build.0 = Release|Any CPU
		{B6CCB6A2-93C0-4E4A-AF66-7F3ACC0AF6CD}.Release|x86.ActiveCfg = Release|Any CPU
		{B6CCB6A2-93C0-4E4A-AF66-7F3ACC0AF6CD}.Release|x86.Build.0 = Release|Any CPU
		{E3D9B408-7241-4A21-ABAA-633AC474F855}.Debug|Any CPU.ActiveCfg = Debug|Any CPU
		{E3D9B408-7241-4A21-ABAA-633AC474F855}.Debug|Any CPU.Build.0 = Debug|Any CPU
		{E3D9B408-7241-4A21-ABAA-633AC474F855}.Debug|x64.ActiveCfg = Debug|Any CPU
		{E3D9B408-7241-4A21-ABAA-633AC474F855}.Debug|x64.Build.0 = Debug|Any CPU
		{E3D9B408-7241-4A21-ABAA-633AC474F855}.Debug|x86.ActiveCfg = Debug|Any CPU
		{E3D9B408-7241-4A21-ABAA-633AC474F855}.Debug|x86.Build.0 = Debug|Any CPU
		{E3D9B408-7241-4A21-ABAA-633AC474F855}.Release|Any CPU.ActiveCfg = Release|Any CPU
		{E3D9B408-7241-4A21-ABAA-633AC474F855}.Release|Any CPU.Build.0 = Release|Any CPU
		{E3D9B408-7241-4A21-ABAA-633AC474F855}.Release|x64.ActiveCfg = Release|Any CPU
		{E3D9B408-7241-4A21-ABAA-633AC474F855}.Release|x64.Build.0 = Release|Any CPU
		{E3D9B408-7241-4A21-ABAA-633AC474F855}.Release|x86.ActiveCfg = Release|Any CPU
		{E3D9B408-7241-4A21-ABAA-633AC474F855}.Release|x86.Build.0 = Release|Any CPU
		{FD3E91BC-E5A1-4E3D-8B2E-273A4E1AA59F}.Debug|Any CPU.ActiveCfg = Debug|Any CPU
		{FD3E91BC-E5A1-4E3D-8B2E-273A4E1AA59F}.Debug|Any CPU.Build.0 = Debug|Any CPU
		{FD3E91BC-E5A1-4E3D-8B2E-273A4E1AA59F}.Debug|x64.ActiveCfg = Debug|Any CPU
		{FD3E91BC-E5A1-4E3D-8B2E-273A4E1AA59F}.Debug|x64.Build.0 = Debug|Any CPU
		{FD3E91BC-E5A1-4E3D-8B2E-273A4E1AA59F}.Debug|x86.ActiveCfg = Debug|Any CPU
		{FD3E91BC-E5A1-4E3D-8B2E-273A4E1AA59F}.Debug|x86.Build.0 = Debug|Any CPU
		{FD3E91BC-E5A1-4E3D-8B2E-273A4E1AA59F}.Release|Any CPU.ActiveCfg = Release|Any CPU
		{FD3E91BC-E5A1-4E3D-8B2E-273A4E1AA59F}.Release|Any CPU.Build.0 = Release|Any CPU
		{FD3E91BC-E5A1-4E3D-8B2E-273A4E1AA59F}.Release|x64.ActiveCfg = Release|Any CPU
		{FD3E91BC-E5A1-4E3D-8B2E-273A4E1AA59F}.Release|x64.Build.0 = Release|Any CPU
		{FD3E91BC-E5A1-4E3D-8B2E-273A4E1AA59F}.Release|x86.ActiveCfg = Release|Any CPU
		{FD3E91BC-E5A1-4E3D-8B2E-273A4E1AA59F}.Release|x86.Build.0 = Release|Any CPU
	EndGlobalSection
	GlobalSection(SolutionProperties) = preSolution
		HideSolutionNode = FALSE
	EndGlobalSection
	GlobalSection(NestedProjects) = preSolution
		{DC4E18B8-5A57-45F2-994D-2333ACC6239F} = {DAD03CFC-D5FA-AC94-41C7-9ABAB326F09E}
		{C2F9BD5B-9AF5-49E2-8054-167FCACC322F} = {DAD03CFC-D5FA-AC94-41C7-9ABAB326F09E}
		{B19D8BBB-2A1C-44C3-8025-5A697F8F4585} = {DAD03CFC-D5FA-AC94-41C7-9ABAB326F09E}
		{736AC4B6-EC2F-4518-BBDE-0BC786575C8F} = {DAD03CFC-D5FA-AC94-41C7-9ABAB326F09E}
		{A74ED4C1-20B4-4456-97E1-1EE5B1CD3F61} = {DAD03CFC-D5FA-AC94-41C7-9ABAB326F09E}
		{E35429A2-7F0E-487A-AB4C-1B0A2EBB3EC7} = {70A867DE-9B55-4246-A330-C3A247C1E221}
		{B6CCB6A2-93C0-4E4A-AF66-7F3ACC0AF6CD} = {DAD03CFC-D5FA-AC94-41C7-9ABAB326F09E}
		{FD3E91BC-E5A1-4E3D-8B2E-273A4E1AA59F} = {DAD03CFC-D5FA-AC94-41C7-9ABAB326F09E}
	EndGlobalSection
EndGlobal
